{
  "lockfileVersion": 1,
  "dependencies": {
    "@babel/code-frame": {
      "version": "7.8.3",
      "resolved": "https://registry.npmjs.org/@babel/code-frame/-/code-frame-7.8.3.tgz",
      "integrity": "sha512-a9gxpmdXtZEInkCSHUJDLHZVBgb1QS0jhss4cPP93EW7s+uC5bikET2twEF3KV+7rDblJcmNvTR7VJejqd2C2g=="
    },
    "@babel/helper-validator-identifier": {
      "version": "7.9.5",
      "resolved": "https://registry.npmjs.org/@babel/helper-validator-identifier/-/helper-validator-identifier-7.9.5.tgz",
      "integrity": "sha512-/8arLKUFq882w4tWGj9JYzRpAlZgiWUJ+dtteNTDqrRBz9Iguck9Rn3ykuBDoUwh2TO4tSAJlrxDUOXWklJe4g=="
    },
    "@babel/highlight": {
      "version": "7.9.0",
      "resolved": "https://registry.npmjs.org/@babel/highlight/-/highlight-7.9.0.tgz",
      "integrity": "sha512-lJZPilxX7Op3Nv/2cvFdnlepPXDxi29wxteT57Q965oc5R9v86ztx0jfxVrTcBk8C2kcPkkDa2Z4T3ZsPPVWsQ=="
    },
    "@types/normalize-package-data": {
      "version": "2.4.0",
      "resolved": "https://registry.npmjs.org/@types/normalize-package-data/-/normalize-package-data-2.4.0.tgz",
      "integrity": "sha512-f5j5b/Gf71L+dbqxIpQ4Z2WlmI/mPJ0fOkGGmFgtb6sAu97EPczzbS3/tJKxmcYDj55OX6ssqwDAWOHIYDRDGA=="
    },
    "after-all-results": {
      "version": "2.0.0",
      "resolved": "https://registry.npmjs.org/after-all-results/-/after-all-results-2.0.0.tgz",
      "integrity": "sha1-asL8ICtQD4jaj09VMM+hAPTGotA="
    },
    "ansi-styles": {
      "version": "3.2.1",
      "resolved": "https://registry.npmjs.org/ansi-styles/-/ansi-styles-3.2.1.tgz",
      "integrity": "sha512-VT0ZI6kZRdTh8YyJw3SMbYm/u+NqfsAxEpWO0Pf9sq8/e94WxxOpPKx9FR1FlyCtOVDNOQ+8ntlqFxiRc+r5qA=="
    },
    "async-cache": {
      "version": "1.1.0",
      "resolved": "https://registry.npmjs.org/async-cache/-/async-cache-1.1.0.tgz",
      "integrity": "sha1-SppaidBl7F2OUlS9nulrp2xTK1o="
    },
    "async-value": {
      "version": "1.2.2",
      "resolved": "https://registry.npmjs.org/async-value/-/async-value-1.2.2.tgz",
      "integrity": "sha1-hFF6Hny2saW14YH6Mb4QQ3t/sSU="
    },
    "async-value-promise": {
      "version": "1.1.1",
      "resolved": "https://registry.npmjs.org/async-value-promise/-/async-value-promise-1.1.1.tgz",
      "integrity": "sha512-c2RFDKjJle1rHa0YxN9Ysu97/QBu3Wa+NOejJxsX+1qVDJrkD3JL/GN1B3gaILAEXJXbu/4Z1lcoCHFESe/APA=="
    },
    "await-event": {
      "version": "2.1.0",
      "resolved": "https://registry.npmjs.org/await-event/-/await-event-2.1.0.tgz",
      "integrity": "sha1-eOn5JoS65AIvn6C18xShFVD5qnY="
    },
    "basic-auth": {
      "version": "2.0.1",
      "resolved": "https://registry.npmjs.org/basic-auth/-/basic-auth-2.0.1.tgz",
      "integrity": "sha512-NF+epuEdnUYVlGuhaxbbq+dvJttwLnGY+YixlXlME5KpQ5W3CnXA5cVTneY3SPbPDRkcjMbifrwmFYcClgOZeg=="
    },
    "binary-search": {
      "version": "1.3.6",
      "resolved": "https://registry.npmjs.org/binary-search/-/binary-search-1.3.6.tgz",
      "integrity": "sha512-nbE1WxOTTrUWIfsfZ4aHGYu5DOuNkbxGokjV6Z2kxfJK3uaAb8zNK1muzOeipoLHZjInT4Br88BHpzevc681xA=="
    },
    "breadth-filter": {
      "version": "2.0.0",
      "resolved": "https://registry.npmjs.org/breadth-filter/-/breadth-filter-2.0.0.tgz",
      "integrity": "sha512-thQShDXnFWSk2oVBixRCyrWsFoV5tfOpWKHmxwafHQDNxCfDBk539utpvytNjmlFrTMqz41poLwJvA1MW3z0MQ=="
    },
    "chalk": {
      "version": "2.4.2",
      "resolved": "https://registry.npmjs.org/chalk/-/chalk-2.4.2.tgz",
      "integrity": "sha512-Mti+f9lpJNcwF4tWV8/OrTTtF1gZi+f8FqlyAdouralcFWFQWF2+NgCHShjkCb+IFBLq9buZwE1xckQU4peSuQ=="
    },
    "color-convert": {
      "version": "1.9.3",
      "resolved": "https://registry.npmjs.org/color-convert/-/color-convert-1.9.3.tgz",
      "integrity": "sha512-QfAUtd+vFdAtFQcC8CCyYt1fYWxSqAiK2cSD6zDB8N3cpsEBAvRxp9zOGg6G/SHHJYAT88/az/IuDGALsNVbGg=="
    },
    "color-name": {
      "version": "1.1.3",
      "resolved": "https://registry.npmjs.org/color-name/-/color-name-1.1.3.tgz",
      "integrity": "sha1-p9BVi9icQveV3UIyj3QIMcpTvCU="
    },
    "console-log-level": {
      "version": "1.4.1",
      "resolved": "https://registry.npmjs.org/console-log-level/-/console-log-level-1.4.1.tgz",
      "integrity": "sha512-VZzbIORbP+PPcN/gg3DXClTLPLg5Slwd5fL2MIc+o1qZ4BXBvWyc6QxPk6T/Mkr6IVjRpoAGf32XxP3ZWMVRcQ=="
    },
    "container-info": {
      "version": "1.0.1",
      "resolved": "https://registry.npmjs.org/container-info/-/container-info-1.0.1.tgz",
      "integrity": "sha512-wk/+uJvPHOFG+JSwQS+fw6H6yw3Oyc8Kw9L4O2MN817uA90OqJ59nlZbbLPqDudsjJ7Tetee3pwExdKpd2ahjQ=="
    },
    "cookie": {
      "version": "0.4.1",
      "resolved": "https://registry.npmjs.org/cookie/-/cookie-0.4.1.tgz",
      "integrity": "sha512-ZwrFkGJxUR3EIoXtO+yVE69Eb7KlixbaeAWfBQB9vVsNn/o+Yw69gBWSSDK825hQNdN+wF8zELf3dFNl/kxkUA=="
    },
    "core-util-is": {
      "version": "1.0.2",
      "resolved": "https://registry.npmjs.org/core-util-is/-/core-util-is-1.0.2.tgz",
      "integrity": "sha1-tf1UIgqivFq1eqtxQMlAdUUDwac="
    },
    "debug": {
      "version": "4.1.1",
      "resolved": "https://registry.npmjs.org/debug/-/debug-4.1.1.tgz",
      "integrity": "sha512-pYAIzeRo8J6KPEaJ0VWOh5Pzkbw/RetuzehGM7QRRX5he4fPHx2rdKMB256ehJCkX+XRQm16eZLqLNS8RSZXZw=="
    },
    "define-properties": {
      "version": "1.1.3",
      "resolved": "https://registry.npmjs.org/define-properties/-/define-properties-1.1.3.tgz",
      "integrity": "sha512-3MqfYKj2lLzdMSf8ZIZE/V+Zuy+BgD6f164e8K2w7dgnpKArBDerGYpM46IYYcjnkdPNMjPk9A6VFB8+3SKlXQ=="
    },
    "elastic-apm-http-client": {
      "version": "9.4.0",
      "resolved": "https://registry.npmjs.org/elastic-apm-http-client/-/elastic-apm-http-client-9.4.0.tgz",
      "integrity": "sha512-/jOZDyfzLNwHrNkPAI+AspLg0TXYXODWT+I1eoAWRCB7gP1vKvzUQAsP5iChodVqCbAj1eUNXB0KrvM6b07Thw=="
    },
    "elastic-apm-node": {
      "version": "3.6.1",
      "resolved": "https://registry.npmjs.org/elastic-apm-node/-/elastic-apm-node-3.6.1.tgz",
      "integrity": "sha512-4BdcLtlGm1oJtyKO0EVudVp8zyyf+ueIamdIaYYPJoImMrHGi5MhA/xrYrDwxHc3O02xdtII6YPR5XOblkU+Ng=="
    },
    "end-of-stream": {
      "version": "1.4.4",
      "resolved": "https://registry.npmjs.org/end-of-stream/-/end-of-stream-1.4.4.tgz",
      "integrity": "sha512-+uw1inIHVPQoaVuHzRyXd21icM+cnt4CzD5rW+NC1wjOUSTOs+Te7FOv7AhN7vS9x/oIyhLP5PR1H+phQAHu5Q=="
    },
    "error-callsites": {
      "version": "2.0.3",
      "resolved": "https://registry.npmjs.org/error-callsites/-/error-callsites-2.0.3.tgz",
      "integrity": "sha512-v036z4IEffZFE5kBkV5/F2MzhLnG0vuDyN+VXpzCf4yWXvX/1WJCI0A+TGTr8HWzBfCw5k8gr9rwAo09V+obTA=="
    },
    "error-ex": {
      "version": "1.3.2",
      "resolved": "https://registry.npmjs.org/error-ex/-/error-ex-1.3.2.tgz",
      "integrity": "sha512-7dFHNmqeFSEt2ZBsCriorKnn3Z2pj+fd9kmI6QoWw4//DL+icEBfc0U7qJCisqrTsKTjw4fNFy2pW9OqStD84g=="
    },
    "error-stack-parser": {
      "version": "2.0.6",
      "resolved": "https://registry.npmjs.org/error-stack-parser/-/error-stack-parser-2.0.6.tgz",
      "integrity": "sha512-d51brTeqC+BHlwF0BhPtcYgF5nlzf9ZZ0ZIUQNZpc9ZB9qw5IJ2diTrBY9jlCJkTLITYPjmiX6OWCwH+fuyNgQ=="
    },
    "es-abstract": {
      "version": "1.17.5",
      "resolved": "https://registry.npmjs.org/es-abstract/-/es-abstract-1.17.5.tgz",
      "integrity": "sha512-BR9auzDbySxOcfog0tLECW8l28eRGpDpU3Dm3Hp4q/N+VtLTmyj4EUN088XZWQDW/hzj6sYRDXeOFsaAODKvpg=="
    },
    "es-to-primitive": {
      "version": "1.2.1",
      "resolved": "https://registry.npmjs.org/es-to-primitive/-/es-to-primitive-1.2.1.tgz",
      "integrity": "sha512-QCOllgZJtaUo9miYBcLChTUaHNjJF3PYs1VidD7AwiEj1kYxKeQTctLAezAOH5ZKRH0g2IgPn6KwB4IT8iRpvA=="
    },
    "escape-string-regexp": {
      "version": "1.0.5",
      "resolved": "https://registry.npmjs.org/escape-string-regexp/-/escape-string-regexp-1.0.5.tgz",
      "integrity": "sha1-G2HAViGQqN/2rjuyzwIAyhMLhtQ="
    },
    "fast-safe-stringify": {
      "version": "2.0.7",
      "resolved": "https://registry.npmjs.org/fast-safe-stringify/-/fast-safe-stringify-2.0.7.tgz",
      "integrity": "sha512-Utm6CdzT+6xsDk2m8S6uL8VHxNwI6Jub+e9NYTcAms28T84pTa25GJQV9j0CY0N1rM8hK4x6grpF2BQf+2qwVA=="
    },
    "fast-stream-to-buffer": {
      "version": "1.0.0",
      "resolved": "https://registry.npmjs.org/fast-stream-to-buffer/-/fast-stream-to-buffer-1.0.0.tgz",
      "integrity": "sha512-bI/544WUQlD2iXBibQbOMSmG07Hay7YrpXlKaeGTPT7H7pC0eitt3usak5vUwEvCGK/O7rUAM3iyQValGU22TQ=="
    },
    "find-up": {
      "version": "4.1.0",
      "resolved": "https://registry.npmjs.org/find-up/-/find-up-4.1.0.tgz",
      "integrity": "sha512-PpOwAdQ/YlXQ2vj8a3h8IipDuYRi3wceVQQGYWxNINccq40Anw7BlsEXCMbt1Zt+OLA6Fq9suIpIWD0OsnISlw=="
    },
    "forwarded-parse": {
      "version": "2.1.0",
      "resolved": "https://registry.npmjs.org/forwarded-parse/-/forwarded-parse-2.1.0.tgz",
      "integrity": "sha512-as9a7Xelt0CvdUy7/qxrY73dZq2vMx49F556fwjjFrUyzq5uHHfeLgD2cCq/6P4ZvusGZzjD6aL2NdgGdS5Cew=="
    },
    "function-bind": {
      "version": "1.1.1",
      "resolved": "https://registry.npmjs.org/function-bind/-/function-bind-1.1.1.tgz",
      "integrity": "sha512-yIovAzMX49sF8Yl58fSCWJ5svSLuaibPxXQJFLmBObTuCr0Mf1KiPopGM9NiFjiYBCbfaa2Fh6breQ6ANVTI0A=="
    },
    "has": {
      "version": "1.0.3",
      "resolved": "https://registry.npmjs.org/has/-/has-1.0.3.tgz",
      "integrity": "sha512-f2dvO0VU6Oej7RkWJGrehjbzMAjFp5/VKPp5tTpWIV4JHHZK1/BxbFRtf/siA2SWTe09caDmVtYYzWEIbBS4zw=="
    },
    "has-flag": {
      "version": "3.0.0",
      "resolved": "https://registry.npmjs.org/has-flag/-/has-flag-3.0.0.tgz",
      "integrity": "sha1-tdRU3CGZriJWmfNGfloH87lVuv0="
    },
    "has-symbols": {
      "version": "1.0.1",
      "resolved": "https://registry.npmjs.org/has-symbols/-/has-symbols-1.0.1.tgz",
      "integrity": "sha512-PLcsoqu++dmEIZB+6totNFKq/7Do+Z0u4oT0zKOJNl3lYK6vGwwu2hjHs+68OEZbTjiUE9bgOABXbP/GvrS0Kg=="
    },
    "hosted-git-info": {
      "version": "2.8.8",
      "resolved": "https://registry.npmjs.org/hosted-git-info/-/hosted-git-info-2.8.8.tgz",
      "integrity": "sha512-f/wzC2QaWBs7t9IYqB4T3sR1xviIViXJRJTWBlx2Gf3g0Xi5vI7Yy4koXQ1c9OYDGHN9sBy1DQ2AB8fqZBWhUg=="
    },
    "http-headers": {
      "version": "3.0.2",
      "resolved": "https://registry.npmjs.org/http-headers/-/http-headers-3.0.2.tgz",
      "integrity": "sha512-87E1I+2Wg4dxxz4rcxElo3dxO/w1ZtgL1yA0Sb6vH3qU16vRKq1NjWQv9SCY3ly2OQROcoxHZOUpmelS+k6wOw=="
    },
    "http-request-to-url": {
      "version": "1.0.0",
      "resolved": "https://registry.npmjs.org/http-request-to-url/-/http-request-to-url-1.0.0.tgz",
      "integrity": "sha512-YYx0lKXG9+T1fT2q3ZgXLczMI3jW09g9BvIA6L3BG0tFqGm83Ka/+RUZGANRG7Ut/yueD7LPcZQ/+pA5ndNajw=="
    },
    "in-publish": {
      "version": "2.0.1",
      "resolved": "https://registry.npmjs.org/in-publish/-/in-publish-2.0.1.tgz",
      "integrity": "sha512-oDM0kUSNFC31ShNxHKUyfZKy8ZeXZBWMjMdZHKLOk13uvT27VTL/QzRGfRUcevJhpkZAvlhPYuXkF7eNWrtyxQ=="
    },
    "inherits": {
      "version": "2.0.4",
      "resolved": "https://registry.npmjs.org/inherits/-/inherits-2.0.4.tgz",
      "integrity": "sha512-k/vGaX4/Yla3WzyMCvTQOXYeIHvqOKtnqBduzTHpzpQZzAskKMhZ2K+EnBiSM9zGSoIFeMpXKxa4dYeZIQqewQ=="
    },
    "is-arrayish": {
      "version": "0.2.1",
      "resolved": "https://registry.npmjs.org/is-arrayish/-/is-arrayish-0.2.1.tgz",
      "integrity": "sha1-d8mYQFJ6qOyxqLppe4BkWnqSap0="
    },
    "is-callable": {
      "version": "1.1.5",
      "resolved": "https://registry.npmjs.org/is-callable/-/is-callable-1.1.5.tgz",
      "integrity": "sha512-ESKv5sMCJB2jnHTWZ3O5itG+O128Hsus4K4Qh1h2/cgn2vbgnLSVqfV46AeJA9D5EeeLa9w81KUXMtn34zhX+Q=="
    },
    "is-date-object": {
      "version": "1.0.2",
      "resolved": "https://registry.npmjs.org/is-date-object/-/is-date-object-1.0.2.tgz",
      "integrity": "sha512-USlDT524woQ08aoZFzh3/Z6ch9Y/EWXEHQ/AaRN0SkKq4t2Jw2R2339tSXmwuVoY7LLlBCbOIlx2myP/L5zk0g=="
    },
    "is-finite": {
      "version": "1.1.0",
      "resolved": "https://registry.npmjs.org/is-finite/-/is-finite-1.1.0.tgz",
      "integrity": "sha512-cdyMtqX/BOqqNBBiKlIVkytNHm49MtMlYyn1zxzvJKWmFMlGzm+ry5BBfYyeY9YmNKbRSo/o7OX9w9ale0wg3w=="
    },
    "is-integer": {
      "version": "1.0.7",
      "resolved": "https://registry.npmjs.org/is-integer/-/is-integer-1.0.7.tgz",
      "integrity": "sha1-a96Bqs3feLZZtmKdYpytxRqIbVw="
    },
    "is-native": {
      "version": "1.0.1",
      "resolved": "https://registry.npmjs.org/is-native/-/is-native-1.0.1.tgz",
      "integrity": "sha1-zRjMFi6EUNaDtbq+eayZwUVElnU="
    },
    "is-nil": {
      "version": "1.0.1",
      "resolved": "https://registry.npmjs.org/is-nil/-/is-nil-1.0.1.tgz",
      "integrity": "sha1-LauingtYUGOHXntTnQcfWxWTeWk="
    },
    "is-regex": {
      "version": "1.0.5",
      "resolved": "https://registry.npmjs.org/is-regex/-/is-regex-1.0.5.tgz",
      "integrity": "sha512-vlKW17SNq44owv5AQR3Cq0bQPEb8+kF3UKZ2fiZNOWtztYE5i0CzCZxFDwO58qAOWtxdBRVO/V5Qin1wjCqFYQ=="
    },
    "is-secret": {
      "version": "1.2.1",
      "resolved": "https://registry.npmjs.org/is-secret/-/is-secret-1.2.1.tgz",
      "integrity": "sha512-VtBantcgKL2a64fDeCmD1JlkHToh3v0bVOhyJZ5aGTjxtCgrdNcjaC9GaaRFXi19gA4/pYFpnuyoscIgQCFSMQ=="
    },
    "is-symbol": {
      "version": "1.0.3",
      "resolved": "https://registry.npmjs.org/is-symbol/-/is-symbol-1.0.3.tgz",
      "integrity": "sha512-OwijhaRSgqvhm/0ZdAcXNZt9lYdKFpcRDT5ULUuYXPoT794UNOdU+gpT6Rzo7b4V2HUl/op6GqY894AZwv9faQ=="
    },
    "js-tokens": {
      "version": "4.0.0",
      "resolved": "https://registry.npmjs.org/js-tokens/-/js-tokens-4.0.0.tgz",
      "integrity": "sha512-RdJUflcE3cUzKiMqQgsCu06FPu9UdIJO0beYbPhHN4k6apgJtifcoCtT9bcxOpYBtpD2kCM6Sbzg4CausW/PKQ=="
    },
    "json-parse-better-errors": {
      "version": "1.0.2",
      "resolved": "https://registry.npmjs.org/json-parse-better-errors/-/json-parse-better-errors-1.0.2.tgz",
      "integrity": "sha512-mrqyZKfX5EhL7hvqcV6WG1yYjnjeuYDzDhhcAAUrq8Po85NBQBJP+ZDUT75qZQ98IkUoBqdkExkukOU7Ts2wrw=="
    },
    "lines-and-columns": {
      "version": "1.1.6",
      "resolved": "https://registry.npmjs.org/lines-and-columns/-/lines-and-columns-1.1.6.tgz",
      "integrity": "sha1-HADHQ7QzzQpOgHWPe2SldEDZ/wA="
    },
    "load-source-map": {
      "version": "1.0.0",
      "resolved": "https://registry.npmjs.org/load-source-map/-/load-source-map-1.0.0.tgz",
      "integrity": "sha1-MY9JkFzopwnft8w/FvPv47zx3QU=",
      "dependencies": {
        "semver": {
          "version": "5.7.1",
          "resolved": "https://registry.npmjs.org/semver/-/semver-5.7.1.tgz",
          "integrity": "sha512-sauaDf/PZdVgrLTNYHRtpXa1iRiKcaebiKQ1BJdpQlWH2lCvexQdX55snPFyK7QzpudqbCI0qXFfOasHdyNDGQ=="
        }
      }
    },
    "locate-path": {
      "version": "5.0.0",
      "resolved": "https://registry.npmjs.org/locate-path/-/locate-path-5.0.0.tgz",
      "integrity": "sha512-t7hw9pI+WvuwNJXwk5zVHpyhIqzg2qTlklJOf0mVxGSbe3Fp2VieZcduNYjaLDoy6p9uGpQEGWG87WpMKlNq8g=="
    },
    "lru-cache": {
      "version": "4.1.5",
      "resolved": "https://registry.npmjs.org/lru-cache/-/lru-cache-4.1.5.tgz",
      "integrity": "sha512-sWZlbEP2OsHNkXrMl5GYk/jKk70MBng6UU4YI/qGDYbgf6YbP4EvmqISbXCoJiRKs+1bSpFHVgQxvJ17F2li5g=="
    },
    "mapcap": {
      "version": "1.0.0",
      "resolved": "https://registry.npmjs.org/mapcap/-/mapcap-1.0.0.tgz",
      "integrity": "sha512-KcNlZSlFPx+r1jYZmxEbTVymG+dIctf10WmWkuhrhrblM+KMoF77HelwihL5cxYlORye79KoR4IlOOk99lUJ0g=="
    },
    "measured-core": {
      "version": "1.51.1",
      "resolved": "https://registry.npmjs.org/measured-core/-/measured-core-1.51.1.tgz",
      "integrity": "sha512-DZQP9SEwdqqYRvT2slMK81D/7xwdxXosZZBtLVfPSo6y5P672FBTbzHVdN4IQyUkUpcVOR9pIvtUy5Ryl7NKyg=="
    },
    "measured-reporting": {
      "version": "1.51.1",
      "resolved": "https://registry.npmjs.org/measured-reporting/-/measured-reporting-1.51.1.tgz",
      "integrity": "sha512-JCt+2u6XT1I5lG3SuYqywE0e62DJuAzBcfMzWGUhIYtPQV2Vm4HiYt/durqmzsAbZV181CEs+o/jMKWJKkYIWw=="
    },
    "module-details-from-path": {
      "version": "1.0.3",
      "resolved": "https://registry.npmjs.org/module-details-from-path/-/module-details-from-path-1.0.3.tgz",
      "integrity": "sha1-EUyUlnPiqKNenTV4hSeqN7Z52is="
    },
    "monitor-event-loop-delay": {
      "version": "1.0.0",
      "resolved": "https://registry.npmjs.org/monitor-event-loop-delay/-/monitor-event-loop-delay-1.0.0.tgz",
      "integrity": "sha512-YRIr1exCIfBDLZle8WHOfSo7Xg3M+phcZfq9Fx1L6Abo+atGp7cge5pM7PjyBn4s1oZI/BRD4EMrzQBbPpVb5Q=="
    },
    "ms": {
      "version": "2.1.2",
      "resolved": "https://registry.npmjs.org/ms/-/ms-2.1.2.tgz",
      "integrity": "sha512-sGkPx+VjMtmA6MX27oA4FBFELFCZZ4S4XqeGOXCv68tT+jb3vk/RyaKWP0PTKyWtmLSM0b+adUTEvbs1PEaH2w=="
    },
    "next-line": {
      "version": "1.1.0",
      "resolved": "https://registry.npmjs.org/next-line/-/next-line-1.1.0.tgz",
      "integrity": "sha1-/K5XhTBStqm66CCOQN19PC0wRgM="
    },
    "normalize-package-data": {
      "version": "2.5.0",
      "resolved": "https://registry.npmjs.org/normalize-package-data/-/normalize-package-data-2.5.0.tgz",
      "integrity": "sha512-/5CMN3T0R4XTj4DcGaexo+roZSdSFW/0AOOTROrjxzCG1wrWXEsGbRKevjlIL+ZDE4sZlJr5ED4YW0yqmkK+eA==",
      "dependencies": {
        "semver": {
          "version": "5.7.1",
          "resolved": "https://registry.npmjs.org/semver/-/semver-5.7.1.tgz",
          "integrity": "sha512-sauaDf/PZdVgrLTNYHRtpXa1iRiKcaebiKQ1BJdpQlWH2lCvexQdX55snPFyK7QzpudqbCI0qXFfOasHdyNDGQ=="
        }
      }
    },
    "object-filter-sequence": {
      "version": "1.0.0",
      "resolved": "https://registry.npmjs.org/object-filter-sequence/-/object-filter-sequence-1.0.0.tgz",
      "integrity": "sha512-CsubGNxhIEChNY4cXYuA6KXafztzHqzLLZ/y3Kasf3A+sa3lL9thq3z+7o0pZqzEinjXT6lXDPAfVWI59dUyzQ=="
    },
    "object-identity-map": {
      "version": "1.0.2",
      "resolved": "https://registry.npmjs.org/object-identity-map/-/object-identity-map-1.0.2.tgz",
      "integrity": "sha512-a2XZDGyYTngvGS67kWnqVdpoaJWsY7C1GhPJvejWAFCsUioTAaiTu8oBad7c6cI4McZxr4CmvnZeycK05iav5A=="
    },
    "object-inspect": {
      "version": "1.7.0",
      "resolved": "https://registry.npmjs.org/object-inspect/-/object-inspect-1.7.0.tgz",
      "integrity": "sha512-a7pEHdh1xKIAgTySUGgLMx/xwDZskN1Ud6egYYN3EdRW4ZMPNEDUTF+hwy2LUC+Bl+SyLXANnwz/jyh/qutKUw=="
    },
    "object-keys": {
      "version": "1.1.1",
      "resolved": "https://registry.npmjs.org/object-keys/-/object-keys-1.1.1.tgz",
      "integrity": "sha512-NuAESUOUMrlIXOfHKzD6bpPu3tYt3xvjNdRIQ+FeT0lNb4K8WR70CaDxhuNguS2XG+GjkyMwOzsN5ZktImfhLA=="
    },
    "object.assign": {
      "version": "4.1.0",
      "resolved": "https://registry.npmjs.org/object.assign/-/object.assign-4.1.0.tgz",
      "integrity": "sha512-exHJeq6kBKj58mqGyTQ9DFvrZC/eR6OwxzoM9YRoGBqrXYonaFyGiFMuc9VZrXf7DarreEwMpurG3dd+CNyW5w=="
    },
    "object.entries": {
      "version": "1.1.2",
      "resolved": "https://registry.npmjs.org/object.entries/-/object.entries-1.1.2.tgz",
      "integrity": "sha512-BQdB9qKmb/HyNdMNWVr7O3+z5MUIx3aiegEIJqjMBbBf0YT9RRxTJSim4mzFqtyr7PDAHigq0N9dO0m0tRakQA=="
    },
    "once": {
      "version": "1.4.0",
      "resolved": "https://registry.npmjs.org/once/-/once-1.4.0.tgz",
      "integrity": "sha1-WDsap3WWHUsROsF9nFC6753Xa9E="
    },
    "optional-js": {
      "version": "2.1.1",
      "resolved": "https://registry.npmjs.org/optional-js/-/optional-js-2.1.1.tgz",
      "integrity": "sha512-mUS4bDngcD5kKzzRUd1HVQkr9Lzzby3fSrrPR9wOHhQiyYo+hDS5NVli5YQzGjQRQ15k5Sno4xH9pfykJdeEUA=="
    },
    "original-url": {
      "version": "1.2.3",
      "resolved": "https://registry.npmjs.org/original-url/-/original-url-1.2.3.tgz",
      "integrity": "sha512-BYm+pKYLtS4mVe/mgT3YKGtWV5HzN/XKiaIu1aK4rsxyjuHeTW9N+xVBEpJcY1onB3nccfH0RbzUEoimMqFUHQ=="
    },
    "p-limit": {
      "version": "2.3.0",
      "resolved": "https://registry.npmjs.org/p-limit/-/p-limit-2.3.0.tgz",
      "integrity": "sha512-//88mFWSJx8lxCzwdAABTJL2MyWB12+eIY7MDL2SqLmAkeKU9qxRvWuSyTjm3FUmpBEMuFfckAIqEaVGUDxb6w=="
    },
    "p-locate": {
      "version": "4.1.0",
      "resolved": "https://registry.npmjs.org/p-locate/-/p-locate-4.1.0.tgz",
      "integrity": "sha512-R79ZZ/0wAxKGu3oYMlz8jy/kbhsNrS7SKZ7PxEHBgJ5+F2mtFW2fK2cOtBh1cHYkQsbzFV7I+EoRKe6Yt0oK7A=="
    },
    "p-try": {
      "version": "2.2.0",
      "resolved": "https://registry.npmjs.org/p-try/-/p-try-2.2.0.tgz",
      "integrity": "sha512-R4nPAVTAU0B9D35/Gk3uJf/7XYbQcyohSKdvAxIRSNghFl4e71hVoGnBNQz9cWaXxO2I10KTC+3jMdvvoKw6dQ=="
    },
    "parse-json": {
      "version": "5.0.0",
      "resolved": "https://registry.npmjs.org/parse-json/-/parse-json-5.0.0.tgz",
      "integrity": "sha512-OOY5b7PAEFV0E2Fir1KOkxchnZNCdowAJgQ5NuxjpBKTRP3pQhwkrkxqQjeoKJ+fO7bCpmIZaogI4eZGDMEGOw=="
    },
    "path-exists": {
      "version": "4.0.0",
      "resolved": "https://registry.npmjs.org/path-exists/-/path-exists-4.0.0.tgz",
      "integrity": "sha512-ak9Qy5Q7jYb2Wwcey5Fpvg2KoAc/ZIhLSLOSBmRmygPsGwkVVt0fZa0qrtMz+m6tJTAHfZQ8FnmB4MG4LWy7/w=="
    },
    "path-parse": {
      "version": "1.0.6",
      "resolved": "https://registry.npmjs.org/path-parse/-/path-parse-1.0.6.tgz",
      "integrity": "sha512-GSmOT2EbHrINBf9SR7CDELwlJ8AENk3Qn7OikK4nFYAu3Ote2+JYNVvkpAEQm3/TLNEJFD/xZJjzyxg3KBWOzw=="
    },
    "pseudomap": {
      "version": "1.0.2",
      "resolved": "https://registry.npmjs.org/pseudomap/-/pseudomap-1.0.2.tgz",
      "integrity": "sha1-8FKijacOYYkX7wqKw0wa5aaChrM="
    },
    "pump": {
      "version": "3.0.0",
      "resolved": "https://registry.npmjs.org/pump/-/pump-3.0.0.tgz",
      "integrity": "sha512-LwZy+p3SFs1Pytd/jYct4wpv49HiYCqd9Rlc5ZVdk0V+8Yzv6jR5Blk3TRmPL1ft69TxP0IMZGJ+WPFU2BFhww=="
    },
    "random-poly-fill": {
      "version": "1.0.1",
      "resolved": "https://registry.npmjs.org/random-poly-fill/-/random-poly-fill-1.0.1.tgz",
      "integrity": "sha512-bMOL0hLfrNs52+EHtIPIXxn2PxYwXb0qjnKruTjXiM/sKfYqj506aB2plFwWW1HN+ri724bAVVGparh4AtlJKw=="
    },
    "read-pkg": {
      "version": "5.2.0",
      "resolved": "https://registry.npmjs.org/read-pkg/-/read-pkg-5.2.0.tgz",
      "integrity": "sha512-Ug69mNOpfvKDAc2Q8DRpMjjzdtrnv9HcSMX+4VsZxD1aZ6ZzrIE7rlzXBtWTyhULSMKg076AW6WR5iZpD0JiOg==",
      "dependencies": {
        "type-fest": {
          "version": "0.6.0",
          "resolved": "https://registry.npmjs.org/type-fest/-/type-fest-0.6.0.tgz",
          "integrity": "sha512-q+MB8nYR1KDLrgr4G5yemftpMC7/QLqVndBmEEdqzmNj5dcFOO4Oo8qlwZE3ULT3+Zim1F8Kq4cBnikNhlCMlg=="
        }
      }
    },
    "read-pkg-up": {
      "version": "7.0.1",
      "resolved": "https://registry.npmjs.org/read-pkg-up/-/read-pkg-up-7.0.1.tgz",
      "integrity": "sha512-zK0TB7Xd6JpCLmlLmufqykGE+/TlOePD6qKClNW7hHDKFh/J7/7gCWGR7joEQEW1bKq3a3yUZSObOoWLFQ4ohg=="
    },
    "readable-stream": {
      "version": "3.6.0",
      "resolved": "https://registry.npmjs.org/readable-stream/-/readable-stream-3.6.0.tgz",
      "integrity": "sha512-BViHy7LKeTz4oNnkcLJ+lVSL6vpiFeX6/d3oSH8zCW7UxP2onchk+vTGB143xuFjHS3deTgkKoXXymXqymiIdA=="
    },
    "redact-secrets": {
      "version": "1.0.0",
      "resolved": "https://registry.npmjs.org/redact-secrets/-/redact-secrets-1.0.0.tgz",
      "integrity": "sha1-YPHbVpJP6QogO6jMs5KDzbsNkHw="
    },
    "relative-microtime": {
      "version": "2.0.0",
      "resolved": "https://registry.npmjs.org/relative-microtime/-/relative-microtime-2.0.0.tgz",
      "integrity": "sha512-l18ha6HEZc+No/uK4GyAnNxgKW7nvEe35IaeN54sShMojtqik2a6GbTyuiezkjpPaqP874Z3lW5ysBo5irz4NA=="
    },
    "require-ancestors": {
      "version": "1.0.0",
      "resolved": "https://registry.npmjs.org/require-ancestors/-/require-ancestors-1.0.0.tgz",
      "integrity": "sha512-Nqeo9Gfp0KvnxTixnxLGEbThMAi+YYgnwRoigtOs1Oo3eGBYfqCd3dagq1vBCVVuc1EnIt3Eu1eGemwOOEZozw=="
    },
    "require-in-the-middle": {
      "version": "5.0.3",
      "resolved": "https://registry.npmjs.org/require-in-the-middle/-/require-in-the-middle-5.0.3.tgz",
      "integrity": "sha512-p/ICV8uMlqC4tjOYabLMxAWCIKa0YUQgZZ6KDM0xgXJNgdGQ1WmL2A07TwmrZw+wi6ITUFKzH5v3n+ENEyXVkA=="
    },
    "resolve": {
      "version": "1.17.0",
      "resolved": "https://registry.npmjs.org/resolve/-/resolve-1.17.0.tgz",
      "integrity": "sha512-ic+7JYiV8Vi2yzQGFWOkiZD5Z9z7O2Zhm9XMaTxdJExKasieFCr+yXZ/WmXsckHiKl12ar0y6XiXDx3m4RHn1w=="
    },
    "safe-buffer": {
      "version": "5.1.2",
      "resolved": "https://registry.npmjs.org/safe-buffer/-/safe-buffer-5.1.2.tgz",
      "integrity": "sha512-Gd2UZBJDkXlY7GbJxfsE8/nvKkUEU1G38c1siN6QP6a9PT9MmHB8GnpscSmMJSoF8LOIrt8ud/wPtojys4G6+g=="
    },
    "semver": {
      "version": "6.3.0",
      "resolved": "https://registry.npmjs.org/semver/-/semver-6.3.0.tgz",
      "integrity": "sha512-b39TBaTSfV6yBrapU89p5fKekE2m/NwnDocOVruQFS1/veMgdzuPcnOM34M6CwxW8jH/lxEa5rBoDeUwu5HHTw=="
    },
    "set-cookie-serde": {
      "version": "1.0.0",
      "resolved": "https://registry.npmjs.org/set-cookie-serde/-/set-cookie-serde-1.0.0.tgz",
      "integrity": "sha512-Vq8e5GsupfJ7okHIvEPcfs5neCo7MZ1ZuWrO3sllYi3DOWt6bSSCpADzqXjz3k0fXehnoFIrmmhty9IN6U6BXQ=="
    },
    "shallow-clone-shim": {
      "version": "2.0.0",
      "resolved": "https://registry.npmjs.org/shallow-clone-shim/-/shallow-clone-shim-2.0.0.tgz",
      "integrity": "sha512-YRNymdiL3KGOoS67d73TEmk4tdPTO9GSMCoiphQsTcC9EtC+AOmMPjkyBkRoCJfW9ASsaZw1craaiw1dPN2D3Q=="
    },
    "shimmer": {
      "version": "1.2.1",
      "resolved": "https://registry.npmjs.org/shimmer/-/shimmer-1.2.1.tgz",
      "integrity": "sha512-sQTKC1Re/rM6XyFM6fIAGHRPVGvyXfgzIDvzoq608vM+jeyVD0Tu1E6Np0Kc2zAIFWIj963V2800iF/9LPieQw=="
    },
    "socket-location": {
      "version": "1.0.0",
      "resolved": "https://registry.npmjs.org/socket-location/-/socket-location-1.0.0.tgz",
      "integrity": "sha512-TwxpRM0pPE/3b24XQGLx8zq2J8kOwTy40FtiNC1KrWvl/Tsf7RYXruE9icecMhQwicXMo/HUJlGap8DNt2cgYw=="
    },
    "source-map": {
      "version": "0.5.7",
      "resolved": "https://registry.npmjs.org/source-map/-/source-map-0.5.7.tgz",
      "integrity": "sha1-igOdLRAh0i0eoUyA2OpGi6LvP8w="
    },
    "spdx-correct": {
      "version": "3.1.1",
      "resolved": "https://registry.npmjs.org/spdx-correct/-/spdx-correct-3.1.1.tgz",
      "integrity": "sha512-cOYcUWwhCuHCXi49RhFRCyJEK3iPj1Ziz9DpViV3tbZOwXD49QzIN3MpOLJNxh2qwq2lJJZaKMVw9qNi4jTC0w=="
    },
    "spdx-exceptions": {
      "version": "2.3.0",
      "resolved": "https://registry.npmjs.org/spdx-exceptions/-/spdx-exceptions-2.3.0.tgz",
      "integrity": "sha512-/tTrYOC7PPI1nUAgx34hUpqXuyJG+DTHJTnIULG4rDygi4xu/tfgmq1e1cIRwRzwZgo4NLySi+ricLkZkw4i5A=="
    },
    "spdx-expression-parse": {
      "version": "3.0.1",
      "resolved": "https://registry.npmjs.org/spdx-expression-parse/-/spdx-expression-parse-3.0.1.tgz",
      "integrity": "sha512-cbqHunsQWnJNE6KhVSMsMeH5H/L9EpymbzqTQ3uLwNCLZ1Q481oWaofqH7nO6V07xlXwY6PhQdQ2IedWx/ZK4Q=="
    },
    "spdx-license-ids": {
      "version": "3.0.5",
      "resolved": "https://registry.npmjs.org/spdx-license-ids/-/spdx-license-ids-3.0.5.tgz",
      "integrity": "sha512-J+FWzZoynJEXGphVIS+XEh3kFSjZX/1i9gFBaWQcB+/tmpe2qUsSBABpcxqxnAxFdiUFEgAX1bjYGQvIZmoz9Q=="
    },
    "sql-summary": {
      "version": "1.0.1",
      "resolved": "https://registry.npmjs.org/sql-summary/-/sql-summary-1.0.1.tgz",
      "integrity": "sha512-IpCr2tpnNkP3Jera4ncexsZUp0enJBLr+pHCyTweMUBrbJsTgQeLWx1FXLhoBj/MvcnUQpkgOn2EY8FKOkUzww=="
    },
    "stackframe": {
      "version": "1.1.1",
      "resolved": "https://registry.npmjs.org/stackframe/-/stackframe-1.1.1.tgz",
      "integrity": "sha512-0PlYhdKh6AfFxRyK/v+6/k+/mMfyiEBbTM5L94D0ZytQnJ166wuwoTYLHFWGbs2dpA8Rgq763KGWmN1EQEYHRQ=="
    },
    "stackman": {
      "version": "4.0.1",
      "resolved": "https://registry.npmjs.org/stackman/-/stackman-4.0.1.tgz",
      "integrity": "sha512-lntIge3BFEElgvpZT2ld5f4U+mF84fRtJ8vA3ymUVx1euVx43ZMkd09+5RWW4FmvYDFhZwPh1gvtdsdnJyF4Fg=="
    },
    "stream-chopper": {
      "version": "3.0.1",
      "resolved": "https://registry.npmjs.org/stream-chopper/-/stream-chopper-3.0.1.tgz",
      "integrity": "sha512-f7h+ly8baAE26iIjcp3VbnBkbIRGtrvV0X0xxFM/d7fwLTYnLzDPTXRKNxa2HZzohOrc96NTrR+FaV3mzOelNA=="
    },
    "string.prototype.trimend": {
      "version": "1.0.1",
      "resolved": "https://registry.npmjs.org/string.prototype.trimend/-/string.prototype.trimend-1.0.1.tgz",
      "integrity": "sha512-LRPxFUaTtpqYsTeNKaFOw3R4bxIzWOnbQ837QfBylo8jIxtcbK/A/sMV7Q+OAV/vWo+7s25pOE10KYSjaSO06g=="
    },
    "string.prototype.trimleft": {
      "version": "2.1.2",
      "resolved": "https://registry.npmjs.org/string.prototype.trimleft/-/string.prototype.trimleft-2.1.2.tgz",
      "integrity": "sha512-gCA0tza1JBvqr3bfAIFJGqfdRTyPae82+KTnm3coDXkZN9wnuW3HjGgN386D7hfv5CHQYCI022/rJPVlqXyHSw=="
    },
    "string.prototype.trimright": {
      "version": "2.1.2",
      "resolved": "https://registry.npmjs.org/string.prototype.trimright/-/string.prototype.trimright-2.1.2.tgz",
      "integrity": "sha512-ZNRQ7sY3KroTaYjRS6EbNiiHrOkjihL9aQE/8gfQ4DtAC/aEBRHFJa44OmoWxGGqXuJlfKkZW4WcXErGr+9ZFg=="
    },
    "string.prototype.trimstart": {
      "version": "1.0.1",
      "resolved": "https://registry.npmjs.org/string.prototype.trimstart/-/string.prototype.trimstart-1.0.1.tgz",
      "integrity": "sha512-XxZn+QpvrBI1FOcg6dIpxUPgWCPuNXvMD72aaRaUQv1eD4e/Qy8i/hFTe0BUmD60p/QA6bh1avmuPTfNjqVWRw=="
    },
    "string_decoder": {
      "version": "1.3.0",
      "resolved": "https://registry.npmjs.org/string_decoder/-/string_decoder-1.3.0.tgz",
      "integrity": "sha512-hkRX8U1WjJFd8LsDJ2yQ/wWWxaopEsABU1XfkM8A+j0+85JAGppt16cr1Whg6KIbb4okU6Mql6BOj+uup/wKeA==",
      "dependencies": {
        "safe-buffer": {
          "version": "5.2.1",
          "resolved": "https://registry.npmjs.org/safe-buffer/-/safe-buffer-5.2.1.tgz",
          "integrity": "sha512-rp3So07KcdmmKbGvgaNxQSJr7bGVSVk5S9Eq1F+ppbRo70+YeaDxkw5Dd8NPN+GD6bjnYm2VuPuCXmpuYvmCXQ=="
        }
      }
    },
    "supports-color": {
      "version": "5.5.0",
      "resolved": "https://registry.npmjs.org/supports-color/-/supports-color-5.5.0.tgz",
      "integrity": "sha512-QjVjwdXIt408MIiAqCX4oUKsgU2EqAGzs2Ppkm4aQYbjm+ZEWEcW4SfFNTr4uMNZma0ey4f5lgLrkB0aX0QMow=="
    },
    "to-source-code": {
      "version": "1.0.2",
      "resolved": "https://registry.npmjs.org/to-source-code/-/to-source-code-1.0.2.tgz",
      "integrity": "sha1-3RNr2x4dvYC76s8IiZJnjpBwv+o="
    },
    "traceparent": {
      "version": "1.0.0",
      "resolved": "https://registry.npmjs.org/traceparent/-/traceparent-1.0.0.tgz",
      "integrity": "sha512-b/hAbgx57pANQ6cg2eBguY3oxD6FGVLI1CC2qoi01RmHR7AYpQHPXTig9FkzbWohEsVuHENZHP09aXuw3/LM+w=="
    },
    "traverse": {
      "version": "0.6.6",
      "resolved": "https://registry.npmjs.org/traverse/-/traverse-0.6.6.tgz",
      "integrity": "sha1-y99WD9e5r2MlAv7UD5GMFX6pcTc="
    },
    "type-fest": {
      "version": "0.8.1",
      "resolved": "https://registry.npmjs.org/type-fest/-/type-fest-0.8.1.tgz",
      "integrity": "sha512-4dbzIzqvjtgiM5rw1k5rEHtBANKmdudhGyBEajN01fEyhaAIhsoKNy6y7+IN93IfpFtwY9iqi7kD+xwKhQsNJA=="
    },
    "unicode-byte-truncate": {
      "version": "1.0.0",
      "resolved": "https://registry.npmjs.org/unicode-byte-truncate/-/unicode-byte-truncate-1.0.0.tgz",
      "integrity": "sha1-qm8PNHUZP+IMMgrJIT425i6HZKc="
    },
    "unicode-substring": {
      "version": "0.1.0",
      "resolved": "https://registry.npmjs.org/unicode-substring/-/unicode-substring-0.1.0.tgz",
      "integrity": "sha1-YSDOPDkDhdvND2DDK5BlxBgdSzY="
    },
    "util-deprecate": {
      "version": "1.0.2",
      "resolved": "https://registry.npmjs.org/util-deprecate/-/util-deprecate-1.0.2.tgz",
      "integrity": "sha1-RQ1Nyfpw3nMnYvvS1KKJgUGaDM8="
    },
    "validate-npm-package-license": {
      "version": "3.0.4",
      "resolved": "https://registry.npmjs.org/validate-npm-package-license/-/validate-npm-package-license-3.0.4.tgz",
      "integrity": "sha512-DpKm2Ui/xN7/HQKCtpZxoRWBhZ9Z0kqtygG8XCgNQ8ZlDnxuQmWhj566j8fN4Cu3/JmbhsDo7fcAJq4s9h27Ew=="
    },
    "wrappy": {
      "version": "1.0.2",
      "resolved": "https://registry.npmjs.org/wrappy/-/wrappy-1.0.2.tgz",
      "integrity": "sha1-tSQ9jz7BqjXxNkYFvA0QNuMKtp8="
    },
    "yallist": {
      "version": "2.1.2",
      "resolved": "https://registry.npmjs.org/yallist/-/yallist-2.1.2.tgz",
      "integrity": "sha1-HBH5IY8HYImkfdUS+TxmmaaoHVI="
    }
  }
}
